
Microsoft Visual Studio Solution File, Format Version 12.00
# Visual Studio Version 17
VisualStudioVersion = 17.4.33110.190
MinimumVisualStudioVersion = 10.0.40219.1
Project("{FAE04EC0-301F-11D3-BF4B-00C04F79EFBC}") = "Task", "Task\Task.csproj", "{655A63ED-C953-431F-8023-9377BEAD3C60}"
EndProject
Global
	GlobalSection(SolutionConfigurationPlatforms) = preSolution
		Debug|Any CPU = Debug|Any CPU
		Release|Any CPU = Release|Any CPU
	EndGlobalSection
	GlobalSection(ProjectConfigurationPlatforms) = postSolution
		{655A63ED-C953-431F-8023-9377BEAD3C60}.Debug|Any CPU.ActiveCfg = Debug|Any CPU
		{655A63ED-C953-431F-8023-9377BEAD3C60}.Debug|Any CPU.Build.0 = Debug|Any CPU
		{655A63ED-C953-431F-8023-9377BEAD3C60}.Release|Any CPU.ActiveCfg = Release|Any CPU
		{655A63ED-C953-431F-8023-9377BEAD3C60}.Release|Any CPU.Build.0 = Release|Any CPU
	EndGlobalSection
	GlobalSection(SolutionProperties) = preSolution
		HideSolutionNode = FALSE
	EndGlobalSection
	GlobalSection(ExtensibilityGlobals) = postSolution
		SolutionGuid = {151FF2E5-404E-4337-B33D-FE2BDA2EC4CE}
	EndGlobalSection
EndGlobal
